
Microsoft Visual Studio Solution File, Format Version 12.00
# Visual Studio Version 17
VisualStudioVersion = 17.2.32630.192
MinimumVisualStudioVersion = 10.0.40219.1
Project("{FAE04EC0-301F-11D3-BF4B-00C04F79EFBC}") = "Clist", "Clist\Clist.csproj", "{D8D569DE-BA58-4648-84D7-D0D361EB1E7B}"
EndProject
Global
	GlobalSection(SolutionConfigurationPlatforms) = preSolution
		Debug|Any CPU = Debug|Any CPU
		Release|Any CPU = Release|Any CPU
	EndGlobalSection
	GlobalSection(ProjectConfigurationPlatforms) = postSolution
		{D8D569DE-BA58-4648-84D7-D0D361EB1E7B}.Debug|Any CPU.ActiveCfg = Debug|Any CPU
		{D8D569DE-BA58-4648-84D7-D0D361EB1E7B}.Debug|Any CPU.Build.0 = Debug|Any CPU
		{D8D569DE-BA58-4648-84D7-D0D361EB1E7B}.Release|Any CPU.ActiveCfg = Release|Any CPU
		{D8D569DE-BA58-4648-84D7-D0D361EB1E7B}.Release|Any CPU.Build.0 = Release|Any CPU
	EndGlobalSection
	GlobalSection(SolutionProperties) = preSolution
		HideSolutionNode = FALSE
	EndGlobalSection
	GlobalSection(ExtensibilityGlobals) = postSolution
		SolutionGuid = {C5F83389-FCC3-47F3-8B8F-1C038C5B548D}
	EndGlobalSection
EndGlobal
